
Microsoft Visual Studio Solution File, Format Version 12.00
# Visual Studio Version 17
VisualStudioVersion = 17.8.34525.116
MinimumVisualStudioVersion = 10.0.40219.1
Project("{FAE04EC0-301F-11D3-BF4B-00C04F79EFBC}") = "Metoder3", "Metoder3\Metoder3.csproj", "{B47BB939-90B6-41FF-9160-2E803325493E}"
EndProject
Global
	GlobalSection(SolutionConfigurationPlatforms) = preSolution
		Debug|Any CPU = Debug|Any CPU
		Release|Any CPU = Release|Any CPU
	EndGlobalSection
	GlobalSection(ProjectConfigurationPlatforms) = postSolution
		{B47BB939-90B6-41FF-9160-2E803325493E}.Debug|Any CPU.ActiveCfg = Debug|Any CPU
		{B47BB939-90B6-41FF-9160-2E803325493E}.Debug|Any CPU.Build.0 = Debug|Any CPU
		{B47BB939-90B6-41FF-9160-2E803325493E}.Release|Any CPU.ActiveCfg = Release|Any CPU
		{B47BB939-90B6-41FF-9160-2E803325493E}.Release|Any CPU.Build.0 = Release|Any CPU
	EndGlobalSection
	GlobalSection(SolutionProperties) = preSolution
		HideSolutionNode = FALSE
	EndGlobalSection
	GlobalSection(ExtensibilityGlobals) = postSolution
		SolutionGuid = {88A0ABBA-7371-4BF3-AD73-FD88E770D081}
	EndGlobalSection
EndGlobal
